
Microsoft Visual Studio Solution File, Format Version 12.00
# Visual Studio Version 16
VisualStudioVersion = 16.0.30804.86
MinimumVisualStudioVersion = 10.0.40219.1
Project("{FAE04EC0-301F-11D3-BF4B-00C04F79EFBC}") = "DiscordCrasherVideoGenerator", "DiscordCrasherVideoGenerator.csproj", "{74C8CEC1-A5CE-4B6C-ABB6-27D79639B9FC}"
EndProject
Global
	GlobalSection(SolutionConfigurationPlatforms) = preSolution
		Debug|Any CPU = Debug|Any CPU
		Release|Any CPU = Release|Any CPU
	EndGlobalSection
	GlobalSection(ProjectConfigurationPlatforms) = postSolution
		{74C8CEC1-A5CE-4B6C-ABB6-27D79639B9FC}.Debug|Any CPU.ActiveCfg = Debug|Any CPU
		{74C8CEC1-A5CE-4B6C-ABB6-27D79639B9FC}.Debug|Any CPU.Build.0 = Debug|Any CPU
		{74C8CEC1-A5CE-4B6C-ABB6-27D79639B9FC}.Release|Any CPU.ActiveCfg = Release|Any CPU
		{74C8CEC1-A5CE-4B6C-ABB6-27D79639B9FC}.Release|Any CPU.Build.0 = Release|Any CPU
	EndGlobalSection
	GlobalSection(SolutionProperties) = preSolution
		HideSolutionNode = FALSE
	EndGlobalSection
	GlobalSection(ExtensibilityGlobals) = postSolution
		SolutionGuid = {81152689-4069-43C0-A93B-0B75AA194955}
	EndGlobalSection
EndGlobal
